version = 1
revision = 3
requires-python = ">=3.12"

[[package]]
name = "reshes-csa-lab-4"
version = "0.1.0"
source = { editable = "." }
dependencies = [
    { name = "ruff" },
]

[package.metadata]
requires-dist = [{ name = "ruff", specifier = "==0.1.3" }]

[[package]]
name = "ruff"
version = "0.1.3"
source = { registry = "https://pypi.org/simple" }
sdist = { url = "https://files.pythonhosted.org/packages/78/e5/cb9cef0dafdcfd51941d145df0a8ce9ea930e1f85da7f25bb6886d4681b2/ruff-0.1.3.tar.gz", hash = "sha256:3ba6145369a151401d5db79f0a47d50e470384d0d89d0d6f7fab0b589ad07c34", size = 1667977, upload-time = "2023-10-26T19:26:20.48Z" }
wheels = [
    { url = "https://files.pythonhosted.org/packages/2c/02/80015e8c9071ba62a3baba5349a6491facf2ed06a95e8abdc8bd066c4c21/ruff-0.1.3-py3-none-macosx_10_7_x86_64.whl", hash = "sha256:b46d43d51f7061652eeadb426a9e3caa1e0002470229ab2fc19de8a7b0766901", size = 5955571, upload-time = "2023-10-26T19:25:41.443Z" },
    { url = "https://files.pythonhosted.org/packages/f4/c7/b7127a11b84e4b813056dffe0281d7a808087dcdbe55bd03dddd9269ed92/ruff-0.1.3-py3-none-macosx_10_9_x86_64.macosx_11_0_arm64.macosx_10_9_universal2.whl", hash = "sha256:b8afeb9abd26b4029c72adc9921b8363374f4e7edb78385ffaa80278313a15f9", size = 11496379, upload-time = "2023-10-26T19:25:45.325Z" },
    { url = "https://files.pythonhosted.org/packages/46/48/65fdda6019ee65b671a8ea20e418bc482472d49631a48143158838370094/ruff-0.1.3-py3-none-manylinux_2_17_aarch64.manylinux2014_aarch64.whl", hash = "sha256:ca3cf365bf32e9ba7e6db3f48a4d3e2c446cd19ebee04f05338bc3910114528b", size = 5832233, upload-time = "2023-10-26T19:25:48.851Z" },
    { url = "https://files.pythonhosted.org/packages/78/52/870699377b0ba4f6328c0d9c5360c34f47fdecb236890219d6bdb95c9ef1/ruff-0.1.3-py3-none-manylinux_2_17_armv7l.manylinux2014_armv7l.whl", hash = "sha256:4874c165f96c14a00590dcc727a04dca0cfd110334c24b039458c06cf78a672e", size = 5547845, upload-time = "2023-10-26T19:25:51.707Z" },
    { url = "https://files.pythonhosted.org/packages/1d/e7/67d70e1ca3faaaa644aeb411bf8ebdc56e1e9ec8755c201eb524ace9d258/ruff-0.1.3-py3-none-manylinux_2_17_i686.manylinux2014_i686.whl", hash = "sha256:eec2dd31eed114e48ea42dbffc443e9b7221976554a504767ceaee3dd38edeb8", size = 5971037, upload-time = "2023-10-26T19:25:54.186Z" },
    { url = "https://files.pythonhosted.org/packages/ba/59/cc7fbefcf7e0cccae177f18486af74be8a79b8d4b73679b8f2dca7dc86db/ruff-0.1.3-py3-none-manylinux_2_17_ppc64.manylinux2014_ppc64.whl", hash = "sha256:dc3ec4edb3b73f21b4aa51337e16674c752f1d76a4a543af56d7d04e97769613", size = 6630738, upload-time = "2023-10-26T19:25:56.346Z" },
    { url = "https://files.pythonhosted.org/packages/4a/70/861d979161e956ef679ad4b21026fae678170a1d3b71697aafd617ac6aea/ruff-0.1.3-py3-none-manylinux_2_17_ppc64le.manylinux2014_ppc64le.whl", hash = "sha256:2e3de9ed2e39160800281848ff4670e1698037ca039bda7b9274f849258d26ce", size = 6486143, upload-time = "2023-10-26T19:25:58.355Z" },
    { url = "https://files.pythonhosted.org/packages/4e/b7/4f6317a42d2a2e68a5dafa9366849ca7eb11e7292e8f9ad2142d9c086fcb/ruff-0.1.3-py3-none-manylinux_2_17_s390x.manylinux2014_s390x.whl", hash = "sha256:1c595193881922cc0556a90f3af99b1c5681f0c552e7a2a189956141d8666fe8", size = 7523225, upload-time = "2023-10-26T19:26:00.518Z" },
    { url = "https://files.pythonhosted.org/packages/ac/c7/8bbeb18581fa94beb01646a8434e58ea48e9cec45d7768e258e16d43f247/ruff-0.1.3-py3-none-manylinux_2_17_x86_64.manylinux2014_x86_64.whl", hash = "sha256:0f75e670d529aa2288cd00fc0e9b9287603d95e1536d7a7e0cafe00f75e0dd9d", size = 6195783, upload-time = "2023-10-26T19:26:02.592Z" },
    { url = "https://files.pythonhosted.org/packages/dc/d6/efe8693e2ba03d4872eb510cf3f0a82e9be1b75ff7cbcd7033287a511c30/ruff-0.1.3-py3-none-musllinux_1_2_aarch64.whl", hash = "sha256:76dd49f6cd945d82d9d4a9a6622c54a994689d8d7b22fa1322983389b4892e20", size = 5779426, upload-time = "2023-10-26T19:26:04.637Z" },
    { url = "https://files.pythonhosted.org/packages/cb/c1/4e35bdfce766d6270611263950c31c43011109dd4a1f6b920eff0a8f4a12/ruff-0.1.3-py3-none-musllinux_1_2_armv7l.whl", hash = "sha256:918b454bc4f8874a616f0d725590277c42949431ceb303950e87fef7a7d94cb3", size = 5548993, upload-time = "2023-10-26T19:26:07.014Z" },
    { url = "https://files.pythonhosted.org/packages/9e/d5/41dc69d92550309d7f00662444bf62aeea27b0399c1a3be6ffa12a8a96b9/ruff-0.1.3-py3-none-musllinux_1_2_i686.whl", hash = "sha256:d8859605e729cd5e53aa38275568dbbdb4fe882d2ea2714c5453b678dca83784", size = 5858352, upload-time = "2023-10-26T19:26:09.18Z" },
    { url = "https://files.pythonhosted.org/packages/ee/4d/7dd94caca7b5e7ac1cdc395f65c9220f5fc6e5825b7d205ed711296e9475/ruff-0.1.3-py3-none-musllinux_1_2_x86_64.whl", hash = "sha256:0b6c55f5ef8d9dd05b230bb6ab80bc4381ecb60ae56db0330f660ea240cb0d4a", size = 6256085, upload-time = "2023-10-26T19:26:11.389Z" },
    { url = "https://files.pythonhosted.org/packages/dd/42/2a0d4abb0a7050d0267336d6ff2eb8f3b08ea90908e40712892abc10a399/ruff-0.1.3-py3-none-win32.whl", hash = "sha256:3e7afcbdcfbe3399c34e0f6370c30f6e529193c731b885316c5a09c9e4317eef", size = 5724382, upload-time = "2023-10-26T19:26:13.758Z" },
    { url = "https://files.pythonhosted.org/packages/32/ec/860ac4dc8ee5c3c59222ac1f0bf1ed4c00e5311b4ef0471e7db8863d3b40/ruff-0.1.3-py3-none-win_amd64.whl", hash = "sha256:7a18df6638cec4a5bd75350639b2bb2a2366e01222825562c7346674bdceb7ea", size = 6110755, upload-time = "2023-10-26T19:26:16.124Z" },
    { url = "https://files.pythonhosted.org/packages/9d/f7/e8c6a715abab1d8b8f8fc3b65e51a33eb8cdf39c42358de0ad6125299be1/ruff-0.1.3-py3-none-win_arm64.whl", hash = "sha256:12fd53696c83a194a2db7f9a46337ce06445fb9aa7d25ea6f293cf75b21aca9f", size = 5853711, upload-time = "2023-10-26T19:26:18.353Z" },
]
